PODS:
  - VPlayIOS (2.18.1)

DEPENDENCIES:
  - VPlayIOS (from `https://github.com/V-Play/VPlayIOS.git`)

EXTERNAL SOURCES:
  VPlayIOS:
    :git: https://github.com/V-Play/VPlayIOS.git

CHECKOUT OPTIONS:
  VPlayIOS:
    :commit: b9ab15ef18d1bcee98739710568dcf9c318fd66f
    :git: https://github.com/V-Play/VPlayIOS.git

SPEC CHECKSUMS:
  VPlayIOS: f4f6203afcaebdfb596acc4bc6c9e79a9cd6e1f2

PODFILE CHECKSUM: afc19af59489b4aa1e7a8909c20a1ecfd5b2e1bd

COCOAPODS: 1.5.3
